{
  "name": "web",
  "lockfileVersion": 3,
  "requires": true,
  "packages": {
    "": {
      "dependencies": {
        "@prisma/client": "^7.3.0",
        "@tanstack/react-query": "^5.90.20",
        "framer-motion": "^12.33.0",
        "react-hook-form": "^7.71.1",
        "zod": "^4.3.6",
        "zustand": "^5.0.11"
      }
    },
    "node_modules/@prisma/client": {
      "version": "7.3.0",
      "resolved": "https://registry.npmjs.org/@prisma/client/-/client-7.3.0.tgz",
      "integrity": "sha512-FXBIxirqQfdC6b6HnNgxGmU7ydCPEPk7maHMOduJJfnTP+MuOGa15X4omjR/zpPUUpm8ef/mEFQjJudOGkXFcQ==",
      "license": "Apache-2.0",
      "dependencies": {
        "@prisma/client-runtime-utils": "7.3.0"
      },
      "engines": {
        "node": "^20.19 || ^22.12 || >=24.0"
      },
      "peerDependencies": {
        "prisma": "*",
        "typescript": ">=5.4.0"
      },
      "peerDependenciesMeta": {
        "prisma": {
          "optional": true
        },
        "typescript": {
          "optional": true
        }
      }
    },
    "node_modules/@prisma/client-runtime-utils": {
      "version": "7.3.0",
      "resolved": "https://registry.npmjs.org/@prisma/client-runtime-utils/-/client-runtime-utils-7.3.0.tgz",
      "integrity": "sha512-dG/ceD9c+tnXATPk8G+USxxYM9E6UdMTnQeQ+1SZUDxTz7SgQcfxEqafqIQHcjdlcNK/pvmmLfSwAs3s2gYwUw==",
      "license": "Apache-2.0"
    },
    "node_modules/@tanstack/query-core": {
      "version": "5.90.20",
      "resolved": "https://registry.npmjs.org/@tanstack/query-core/-/query-core-5.90.20.tgz",
      "integrity": "sha512-OMD2HLpNouXEfZJWcKeVKUgQ5n+n3A2JFmBaScpNDUqSrQSjiveC7dKMe53uJUg1nDG16ttFPz2xfilz6i2uVg==",
      "license": "MIT",
      "funding": {
        "type": "github",
        "url": "https://github.com/sponsors/tannerlinsley"
      }
    },
    "node_modules/@tanstack/react-query": {
      "version": "5.90.20",
      "resolved": "https://registry.npmjs.org/@tanstack/react-query/-/react-query-5.90.20.tgz",
      "integrity": "sha512-vXBxa+qeyveVO7OA0jX1z+DeyCA4JKnThKv411jd5SORpBKgkcVnYKCiBgECvADvniBX7tobwBmg01qq9JmMJw==",
      "license": "MIT",
      "dependencies": {
        "@tanstack/query-core": "5.90.20"
      },
      "funding": {
        "type": "github",
        "url": "https://github.com/sponsors/tannerlinsley"
      },
      "peerDependencies": {
        "react": "^18 || ^19"
      }
    },
    "node_modules/csstype": {
      "version": "3.2.3",
      "resolved": "https://registry.npmjs.org/csstype/-/csstype-3.2.3.tgz",
      "integrity": "sha512-z1HGKcYy2xA8AGQfwrn0PAy+PB7X/GSj3UVJW9qKyn43xWa+gl5nXmU4qqLMRzWVLFC8KusUX8T/0kCiOYpAIQ==",
      "license": "MIT",
      "optional": true
    },
    "node_modules/framer-motion": {
      "version": "12.33.0",
      "resolved": "https://registry.npmjs.org/framer-motion/-/framer-motion-12.33.0.tgz",
      "integrity": "sha512-ca8d+rRPcDP5iIF+MoT3WNc0KHJMjIyFAbtVLvM9eA7joGSpeqDfiNH/kCs1t4CHi04njYvWyj0jS4QlEK/rJQ==",
      "license": "MIT",
      "dependencies": {
        "motion-dom": "^12.33.0",
        "motion-utils": "^12.29.2",
        "tslib": "^2.4.0"
      },
      "peerDependencies": {
        "@emotion/is-prop-valid": "*",
        "react": "^18.0.0 || ^19.0.0",
        "react-dom": "^18.0.0 || ^19.0.0"
      },
      "peerDependenciesMeta": {
        "@emotion/is-prop-valid": {
          "optional": true
        },
        "react": {
          "optional": true
        },
        "react-dom": {
          "optional": true
        }
      }
    },
    "node_modules/motion-dom": {
      "version": "12.33.0",
      "resolved": "https://registry.npmjs.org/motion-dom/-/motion-dom-12.33.0.tgz",
      "integrity": "sha512-XRPebVypsl0UM+7v0Hr8o9UAj0S2djsQWRdHBd5iVouVpMrQqAI0C/rDAT3QaYnXnHuC5hMcwDHCboNeyYjPoQ==",
      "license": "MIT",
      "dependencies": {
        "motion-utils": "^12.29.2"
      }
    },
    "node_modules/motion-utils": {
      "version": "12.29.2",
      "resolved": "https://registry.npmjs.org/motion-utils/-/motion-utils-12.29.2.tgz",
      "integrity": "sha512-G3kc34H2cX2gI63RqU+cZq+zWRRPSsNIOjpdl9TN4AQwC4sgwYPl/Q/Obf/d53nOm569T0fYK+tcoSV50BWx8A==",
      "license": "MIT"
    },
    "node_modules/react": {
      "version": "19.2.3",
      "resolved": "https://registry.npmjs.org/react/-/react-19.2.3.tgz",
      "integrity": "sha512-Ku/hhYbVjOQnXDZFv2+RibmLFGwFdeeKHFcOTlrt7xplBnya5OGn/hIRDsqDiSUcfORsDC7MPxwork8jBwsIWA==",
      "license": "MIT",
      "peer": true,
      "engines": {
        "node": ">=0.10.0"
      }
    },
    "node_modules/react-hook-form": {
      "version": "7.71.1",
      "resolved": "https://registry.npmjs.org/react-hook-form/-/react-hook-form-7.71.1.tgz",
      "integrity": "sha512-9SUJKCGKo8HUSsCO+y0CtqkqI5nNuaDqTxyqPsZPqIwudpj4rCrAz/jZV+jn57bx5gtZKOh3neQu94DXMc+w5w==",
      "license": "MIT",
      "engines": {
        "node": ">=18.0.0"
      },
      "funding": {
        "type": "opencollective",
        "url": "https://opencollective.com/react-hook-form"
      },
      "peerDependencies": {
        "react": "^16.8.0 || ^17 || ^18 || ^19"
      }
    },
    "node_modules/scheduler": {
      "version": "0.27.0",
      "resolved": "https://registry.npmjs.org/scheduler/-/scheduler-0.27.0.tgz",
      "integrity": "sha512-eNv+WrVbKu1f3vbYJT/xtiF5syA5HPIMtf9IgY/nKg0sWqzAUEvqY/xm7OcZc/qafLx/iO9FgOmeSAp4v5ti/Q==",
      "license": "MIT",
      "optional": true
    },
    "node_modules/tslib": {
      "version": "2.8.1",
      "resolved": "https://registry.npmjs.org/tslib/-/tslib-2.8.1.tgz",
      "integrity": "sha512-oJFu94HQb+KVduSUQL7wnpmqnfmLsOA/nAh6b6EH0wCEoK0/mPeXU6c3wKDV83MkOuHPRHtSXKKU99IBazS/2w==",
      "license": "0BSD"
    },
    "node_modules/zod": {
      "version": "4.3.6",
      "resolved": "https://registry.npmjs.org/zod/-/zod-4.3.6.tgz",
      "integrity": "sha512-rftlrkhHZOcjDwkGlnUtZZkvaPHCsDATp4pGpuOOMDaTdDDXF91wuVDJoWoPsKX/3YPQ5fHuF3STjcYyKr+Qhg==",
      "license": "MIT",
      "peer": true,
      "funding": {
        "url": "https://github.com/sponsors/colinhacks"
      }
    },
    "node_modules/zustand": {
      "version": "5.0.11",
      "resolved": "https://registry.npmjs.org/zustand/-/zustand-5.0.11.tgz",
      "integrity": "sha512-fdZY+dk7zn/vbWNCYmzZULHRrss0jx5pPFiOuMZ/5HJN6Yv3u+1Wswy/4MpZEkEGhtNH+pwxZB8OKgUBPzYAGg==",
      "license": "MIT",
      "engines": {
        "node": ">=12.20.0"
      },
      "peerDependencies": {
        "@types/react": ">=18.0.0",
        "immer": ">=9.0.6",
        "react": ">=18.0.0",
        "use-sync-external-store": ">=1.2.0"
      },
      "peerDependenciesMeta": {
        "@types/react": {
          "optional": true
        },
        "immer": {
          "optional": true
        },
        "react": {
          "optional": true
        },
        "use-sync-external-store": {
          "optional": true
        }
      }
    }
  }
}
